
Microsoft Visual Studio Solution File, Format Version 12.00
# Visual Studio Version 17
VisualStudioVersion = 17.8.34525.116
MinimumVisualStudioVersion = 10.0.40219.1
Project("{8BC9CEB8-8B4A-11D0-8D11-00A0C91BC942}") = "IS_Graph", "IS_Graph.vcxproj", "{106BF2A6-C9FD-4DBC-BB2B-E148348A6819}"
EndProject
Global
	GlobalSection(SolutionConfigurationPlatforms) = preSolution
		Debug|x64 = Debug|x64
		Debug|x86 = Debug|x86
		Release|x64 = Release|x64
		Release|x86 = Release|x86
	EndGlobalSection
	GlobalSection(ProjectConfigurationPlatforms) = postSolution
		{106BF2A6-C9FD-4DBC-BB2B-E148348A6819}.Debug|x64.ActiveCfg = Debug|x64
		{106BF2A6-C9FD-4DBC-BB2B-E148348A6819}.Debug|x64.Build.0 = Debug|x64
		{106BF2A6-C9FD-4DBC-BB2B-E148348A6819}.Debug|x86.ActiveCfg = Debug|Win32
		{106BF2A6-C9FD-4DBC-BB2B-E148348A6819}.Debug|x86.Build.0 = Debug|Win32
		{106BF2A6-C9FD-4DBC-BB2B-E148348A6819}.Release|x64.ActiveCfg = Release|x64
		{106BF2A6-C9FD-4DBC-BB2B-E148348A6819}.Release|x64.Build.0 = Release|x64
		{106BF2A6-C9FD-4DBC-BB2B-E148348A6819}.Release|x86.ActiveCfg = Release|Win32
		{106BF2A6-C9FD-4DBC-BB2B-E148348A6819}.Release|x86.Build.0 = Release|Win32
	EndGlobalSection
	GlobalSection(SolutionProperties) = preSolution
		HideSolutionNode = FALSE
	EndGlobalSection
	GlobalSection(ExtensibilityGlobals) = postSolution
		SolutionGuid = {D92E5D68-0600-45F4-810B-657BBA555CA0}
	EndGlobalSection
EndGlobal
