
Microsoft Visual Studio Solution File, Format Version 12.00
# Visual Studio Version 17
VisualStudioVersion = 17.8.34525.116
MinimumVisualStudioVersion = 10.0.40219.1
Project("{8BC9CEB8-8B4A-11D0-8D11-00A0C91BC942}") = "BigTruck", "BigTruck.vcxproj", "{57921CF9-D91B-4BDE-B26E-325A58E61D64}"
EndProject
Global
	GlobalSection(SolutionConfigurationPlatforms) = preSolution
		Debug|x64 = Debug|x64
		Debug|x86 = Debug|x86
		Release|x64 = Release|x64
		Release|x86 = Release|x86
	EndGlobalSection
	GlobalSection(ProjectConfigurationPlatforms) = postSolution
		{57921CF9-D91B-4BDE-B26E-325A58E61D64}.Debug|x64.ActiveCfg = Debug|x64
		{57921CF9-D91B-4BDE-B26E-325A58E61D64}.Debug|x64.Build.0 = Debug|x64
		{57921CF9-D91B-4BDE-B26E-325A58E61D64}.Debug|x86.ActiveCfg = Debug|Win32
		{57921CF9-D91B-4BDE-B26E-325A58E61D64}.Debug|x86.Build.0 = Debug|Win32
		{57921CF9-D91B-4BDE-B26E-325A58E61D64}.Release|x64.ActiveCfg = Release|x64
		{57921CF9-D91B-4BDE-B26E-325A58E61D64}.Release|x64.Build.0 = Release|x64
		{57921CF9-D91B-4BDE-B26E-325A58E61D64}.Release|x86.ActiveCfg = Release|Win32
		{57921CF9-D91B-4BDE-B26E-325A58E61D64}.Release|x86.Build.0 = Release|Win32
	EndGlobalSection
	GlobalSection(SolutionProperties) = preSolution
		HideSolutionNode = FALSE
	EndGlobalSection
	GlobalSection(ExtensibilityGlobals) = postSolution
		SolutionGuid = {B9A92018-FC82-4D80-9D4A-EE719AE688D8}
	EndGlobalSection
EndGlobal
